{
  "version": 4,
  "terraform_version": "1.1.2",
  "serial": 29,
  "lineage": "3c0b5950-2ed8-af3f-5fd2-d0f2975e4dfe",
  "outputs": {},
  "resources": [
    {
      "mode": "managed",
      "type": "azurerm_resource_group",
      "name": "NBOS_AZ_RG",
      "provider": "provider[\"registry.terraform.io/hashicorp/azurerm\"]",
      "instances": [
        {
          "schema_version": 0,
          "attributes": {
            "id": "/subscriptions/f3dcc913-3cdf-48b2-846f-6f5646072d3a/resourceGroups/NBOS_AZ_RG_jss",
            "location": "eastus2",
            "name": "NBOS_AZ_RG_jss",
            "tags": null,
            "timeouts": null
          },
          "sensitive_attributes": [],
          "private": "eyJlMmJmYjczMC1lY2FhLTExZTYtOGY4OC0zNDM2M2JjN2M0YzAiOnsiY3JlYXRlIjo1NDAwMDAwMDAwMDAwLCJkZWxldGUiOjU0MDAwMDAwMDAwMDAsInJlYWQiOjMwMDAwMDAwMDAwMCwidXBkYXRlIjo1NDAwMDAwMDAwMDAwfX0="
        }
      ]
    },
    {
      "mode": "managed",
      "type": "azurerm_resource_group",
      "name": "tfstate",
      "provider": "provider[\"registry.terraform.io/hashicorp/azurerm\"]",
      "instances": [
        {
          "schema_version": 0,
          "attributes": {
            "id": "/subscriptions/f3dcc913-3cdf-48b2-846f-6f5646072d3a/resourceGroups/tfstate",
            "location": "eastus",
            "name": "tfstate",
            "tags": null,
            "timeouts": null
          },
          "sensitive_attributes": [],
          "private": "eyJlMmJmYjczMC1lY2FhLTExZTYtOGY4OC0zNDM2M2JjN2M0YzAiOnsiY3JlYXRlIjo1NDAwMDAwMDAwMDAwLCJkZWxldGUiOjU0MDAwMDAwMDAwMDAsInJlYWQiOjMwMDAwMDAwMDAwMCwidXBkYXRlIjo1NDAwMDAwMDAwMDAwfX0="
        }
      ]
    },
    {
      "mode": "managed",
      "type": "azurerm_storage_account",
      "name": "tfstate",
      "provider": "provider[\"registry.terraform.io/hashicorp/azurerm\"]",
      "instances": [
        {
          "schema_version": 2,
          "attributes": {
            "access_tier": "Hot",
            "account_kind": "StorageV2",
            "account_replication_type": "LRS",
            "account_tier": "Standard",
            "allow_blob_public_access": true,
            "azure_files_authentication": [],
            "blob_properties": [
              {
                "change_feed_enabled": false,
                "container_delete_retention_policy": [],
                "cors_rule": [],
                "default_service_version": "",
                "delete_retention_policy": [],
                "last_access_time_enabled": false,
                "versioning_enabled": false
              }
            ],
            "custom_domain": [],
            "enable_https_traffic_only": true,
            "id": "/subscriptions/f3dcc913-3cdf-48b2-846f-6f5646072d3a/resourceGroups/tfstate/providers/Microsoft.Storage/storageAccounts/tfstate9ohk0",
            "identity": [],
            "is_hns_enabled": false,
            "large_file_share_enabled": null,
            "location": "eastus",
            "min_tls_version": "TLS1_0",
            "name": "tfstate9ohk0",
            "network_rules": [
              {
                "bypass": [
                  "AzureServices"
                ],
                "default_action": "Allow",
                "ip_rules": [],
                "private_link_access": [],
                "virtual_network_subnet_ids": []
              }
            ],
            "nfsv3_enabled": false,
            "primary_access_key": "oPDAgcAJ8dQmOI1FbdAMI2Yc66btl767UNk5MfyB2VxHlvUqkMDz5uiyW/DKtEEzyyEIfxPfzSJFoebVNanFTQ==",
            "primary_blob_connection_string": "DefaultEndpointsProtocol=https;BlobEndpoint=https://tfstate9ohk0.blob.core.windows.net/;AccountName=tfstate9ohk0;AccountKey=oPDAgcAJ8dQmOI1FbdAMI2Yc66btl767UNk5MfyB2VxHlvUqkMDz5uiyW/DKtEEzyyEIfxPfzSJFoebVNanFTQ==",
            "primary_blob_endpoint": "https://tfstate9ohk0.blob.core.windows.net/",
            "primary_blob_host": "tfstate9ohk0.blob.core.windows.net",
            "primary_connection_string": "DefaultEndpointsProtocol=https;AccountName=tfstate9ohk0;AccountKey=oPDAgcAJ8dQmOI1FbdAMI2Yc66btl767UNk5MfyB2VxHlvUqkMDz5uiyW/DKtEEzyyEIfxPfzSJFoebVNanFTQ==;EndpointSuffix=core.windows.net",
            "primary_dfs_endpoint": "https://tfstate9ohk0.dfs.core.windows.net/",
            "primary_dfs_host": "tfstate9ohk0.dfs.core.windows.net",
            "primary_file_endpoint": "https://tfstate9ohk0.file.core.windows.net/",
            "primary_file_host": "tfstate9ohk0.file.core.windows.net",
            "primary_location": "eastus",
            "primary_queue_endpoint": "https://tfstate9ohk0.queue.core.windows.net/",
            "primary_queue_host": "tfstate9ohk0.queue.core.windows.net",
            "primary_table_endpoint": "https://tfstate9ohk0.table.core.windows.net/",
            "primary_table_host": "tfstate9ohk0.table.core.windows.net",
            "primary_web_endpoint": "https://tfstate9ohk0.z13.web.core.windows.net/",
            "primary_web_host": "tfstate9ohk0.z13.web.core.windows.net",
            "queue_encryption_key_type": "Service",
            "queue_properties": [
              {
                "cors_rule": [],
                "hour_metrics": [
                  {
                    "enabled": true,
                    "include_apis": true,
                    "retention_policy_days": 7,
                    "version": "1.0"
                  }
                ],
                "logging": [
                  {
                    "delete": false,
                    "read": false,
                    "retention_policy_days": 0,
                    "version": "1.0",
                    "write": false
                  }
                ],
                "minute_metrics": [
                  {
                    "enabled": false,
                    "include_apis": false,
                    "retention_policy_days": 0,
                    "version": "1.0"
                  }
                ]
              }
            ],
            "resource_group_name": "tfstate",
            "routing": [],
            "secondary_access_key": "Z7l+M97PFp3eq2Eh07YKv/ZbAQyDwMrns9Psyy8TPVqppDOHFGnidMslXuOxVd4CsPWWV5lpnEBkFYhdjTq4PQ==",
            "secondary_blob_connection_string": "",
            "secondary_blob_endpoint": null,
            "secondary_blob_host": null,
            "secondary_connection_string": "DefaultEndpointsProtocol=https;AccountName=tfstate9ohk0;AccountKey=Z7l+M97PFp3eq2Eh07YKv/ZbAQyDwMrns9Psyy8TPVqppDOHFGnidMslXuOxVd4CsPWWV5lpnEBkFYhdjTq4PQ==;EndpointSuffix=core.windows.net",
            "secondary_dfs_endpoint": null,
            "secondary_dfs_host": null,
            "secondary_file_endpoint": null,
            "secondary_file_host": null,
            "secondary_location": "",
            "secondary_queue_endpoint": null,
            "secondary_queue_host": null,
            "secondary_table_endpoint": null,
            "secondary_table_host": null,
            "secondary_web_endpoint": null,
            "secondary_web_host": null,
            "share_properties": [
              {
                "cors_rule": [],
                "retention_policy": [
                  {
                    "days": 7
                  }
                ],
                "smb": []
              }
            ],
            "shared_access_key_enabled": true,
            "static_website": [],
            "table_encryption_key_type": "Service",
            "tags": {
              "environment": "staging"
            },
            "timeouts": null
          },
          "sensitive_attributes": [],
          "private": "eyJlMmJmYjczMC1lY2FhLTExZTYtOGY4OC0zNDM2M2JjN2M0YzAiOnsiY3JlYXRlIjozNjAwMDAwMDAwMDAwLCJkZWxldGUiOjM2MDAwMDAwMDAwMDAsInJlYWQiOjMwMDAwMDAwMDAwMCwidXBkYXRlIjozNjAwMDAwMDAwMDAwfSwic2NoZW1hX3ZlcnNpb24iOiIyIn0=",
          "dependencies": [
            "azurerm_resource_group.tfstate",
            "random_string.resource_code"
          ]
        }
      ]
    },
    {
      "mode": "managed",
      "type": "azurerm_storage_container",
      "name": "tfstate",
      "provider": "provider[\"registry.terraform.io/hashicorp/azurerm\"]",
      "instances": [
        {
          "schema_version": 1,
          "attributes": {
            "container_access_type": "blob",
            "has_immutability_policy": false,
            "has_legal_hold": false,
            "id": "https://tfstate9ohk0.blob.core.windows.net/tfstate",
            "metadata": {},
            "name": "tfstate",
            "resource_manager_id": "/subscriptions/f3dcc913-3cdf-48b2-846f-6f5646072d3a/resourceGroups/tfstate/providers/Microsoft.Storage/storageAccounts/tfstate9ohk0/blobServices/default/containers/tfstate",
            "storage_account_name": "tfstate9ohk0",
            "timeouts": null
          },
          "sensitive_attributes": [],
          "private": "eyJlMmJmYjczMC1lY2FhLTExZTYtOGY4OC0zNDM2M2JjN2M0YzAiOnsiY3JlYXRlIjoxODAwMDAwMDAwMDAwLCJkZWxldGUiOjE4MDAwMDAwMDAwMDAsInJlYWQiOjMwMDAwMDAwMDAwMCwidXBkYXRlIjoxODAwMDAwMDAwMDAwfSwic2NoZW1hX3ZlcnNpb24iOiIxIn0=",
          "dependencies": [
            "azurerm_resource_group.tfstate",
            "azurerm_storage_account.tfstate",
            "random_string.resource_code"
          ]
        }
      ]
    },
    {
      "mode": "managed",
      "type": "azurerm_virtual_network",
      "name": "NBOS_AZ_VN",
      "provider": "provider[\"registry.terraform.io/hashicorp/azurerm\"]",
      "instances": [
        {
          "schema_version": 0,
          "attributes": {
            "address_space": [
              "10.0.0.0/16"
            ],
            "bgp_community": "",
            "ddos_protection_plan": [],
            "dns_servers": [],
            "flow_timeout_in_minutes": 0,
            "guid": "f05c2c03-877a-49b4-8cad-255ff4161c20",
            "id": "/subscriptions/f3dcc913-3cdf-48b2-846f-6f5646072d3a/resourceGroups/NBOS_AZ_RG_jss/providers/Microsoft.Network/virtualNetworks/NBOS-VN-network_jss",
            "location": "eastus2",
            "name": "NBOS-VN-network_jss",
            "resource_group_name": "NBOS_AZ_RG_jss",
            "subnet": [
              {
                "address_prefix": "10.0.1.0/24",
                "id": "/subscriptions/f3dcc913-3cdf-48b2-846f-6f5646072d3a/resourceGroups/NBOS_AZ_RG_jss/providers/Microsoft.Network/virtualNetworks/NBOS-VN-network_jss/subnets/subnet1",
                "name": "subnet1",
                "security_group": ""
              }
            ],
            "tags": {
              "costcenter": "it",
              "environment": "dev"
            },
            "timeouts": null,
            "vm_protection_enabled": false
          },
          "sensitive_attributes": [],
          "private": "eyJlMmJmYjczMC1lY2FhLTExZTYtOGY4OC0zNDM2M2JjN2M0YzAiOnsiY3JlYXRlIjoxODAwMDAwMDAwMDAwLCJkZWxldGUiOjE4MDAwMDAwMDAwMDAsInJlYWQiOjMwMDAwMDAwMDAwMCwidXBkYXRlIjoxODAwMDAwMDAwMDAwfX0=",
          "dependencies": [
            "azurerm_resource_group.NBOS_AZ_RG"
          ]
        }
      ]
    },
    {
      "mode": "managed",
      "type": "random_string",
      "name": "resource_code",
      "provider": "provider[\"registry.terraform.io/hashicorp/random\"]",
      "instances": [
        {
          "schema_version": 1,
          "attributes": {
            "id": "9ohk0",
            "keepers": null,
            "length": 5,
            "lower": true,
            "min_lower": 0,
            "min_numeric": 0,
            "min_special": 0,
            "min_upper": 0,
            "number": true,
            "override_special": null,
            "result": "9ohk0",
            "special": false,
            "upper": false
          },
          "sensitive_attributes": [],
          "private": "eyJzY2hlbWFfdmVyc2lvbiI6IjEifQ=="
        }
      ]
    }
  ]
}
